// !$*UTF8*$!
{
	archiveVersion = 1;
	classes = {
	};
	objectVersion = 48;
	objects = {

/* Begin PBXBuildFile section */
		031E9537214A1AA2000BCD7B /* CellTableView.swift in Sources */ = {isa = PBXBuildFile; fileRef = 031E9536214A1AA2000BCD7B /* CellTableView.swift */; };
		036E6098214AF69B00213F4F /* MemeMeDetailViewController.swift in Sources */ = {isa = PBXBuildFile; fileRef = 036E6097214AF69B00213F4F /* MemeMeDetailViewController.swift */; };
		038FF7AD2151611300FD62A4 /* Meme.swift in Sources */ = {isa = PBXBuildFile; fileRef = 038FF7AC2151611300FD62A4 /* Meme.swift */; };
		038FF7B12151628500FD62A4 /* Info.plist in Resources */ = {isa = PBXBuildFile; fileRef = 03E62B6220C7670E00D19FC4 /* Info.plist */; };
		03D75A992138BBC000A269C7 /* CollectionViewController.swift in Sources */ = {isa = PBXBuildFile; fileRef = 03D75A982138BBC000A269C7 /* CollectionViewController.swift */; };
		03D75A9B2138BC3800A269C7 /* TableViewController.swift in Sources */ = {isa = PBXBuildFile; fileRef = 03D75A9A2138BC3800A269C7 /* TableViewController.swift */; };
		03E62B5720C7670E00D19FC4 /* AppDelegate.swift in Sources */ = {isa = PBXBuildFile; fileRef = 03E62B5620C7670E00D19FC4 /* AppDelegate.swift */; };
		03E62B5920C7670E00D19FC4 /* ViewController.swift in Sources */ = {isa = PBXBuildFile; fileRef = 03E62B5820C7670E00D19FC4 /* ViewController.swift */; };
		03E62B5C20C7670E00D19FC4 /* Main.storyboard in Resources */ = {isa = PBXBuildFile; fileRef = 03E62B5A20C7670E00D19FC4 /* Main.storyboard */; };
		03E62B5E20C7670E00D19FC4 /* Assets.xcassets in Resources */ = {isa = PBXBuildFile; fileRef = 03E62B5D20C7670E00D19FC4 /* Assets.xcassets */; };
		03E62B6120C7670E00D19FC4 /* LaunchScreen.storyboard in Resources */ = {isa = PBXBuildFile; fileRef = 03E62B5F20C7670E00D19FC4 /* LaunchScreen.storyboard */; };
		03F201EE213EE957002B0B50 /* CollectionViewCell.swift in Sources */ = {isa = PBXBuildFile; fileRef = 03F201ED213EE957002B0B50 /* CollectionViewCell.swift */; };
/* End PBXBuildFile section */

/* Begin PBXFileReference section */
		031E9536214A1AA2000BCD7B /* CellTableView.swift */ = {isa = PBXFileReference; lastKnownFileType = sourcecode.swift; path = CellTableView.swift; sourceTree = "<group>"; };
		036E6097214AF69B00213F4F /* MemeMeDetailViewController.swift */ = {isa = PBXFileReference; lastKnownFileType = sourcecode.swift; path = MemeMeDetailViewController.swift; sourceTree = "<group>"; };
		038FF7AC2151611300FD62A4 /* Meme.swift */ = {isa = PBXFileReference; lastKnownFileType = sourcecode.swift; path = Meme.swift; sourceTree = "<group>"; };
		03D75A982138BBC000A269C7 /* CollectionViewController.swift */ = {isa = PBXFileReference; lastKnownFileType = sourcecode.swift; path = CollectionViewController.swift; sourceTree = "<group>"; };
		03D75A9A2138BC3800A269C7 /* TableViewController.swift */ = {isa = PBXFileReference; lastKnownFileType = sourcecode.swift; path = TableViewController.swift; sourceTree = "<group>"; };
		03E62B5320C7670E00D19FC4 /* MemeMe2.0.app */ = {isa = PBXFileReference; explicitFileType = wrapper.application; includeInIndex = 0; path = MemeMe2.0.app; sourceTree = BUILT_PRODUCTS_DIR; };
		03E62B5620C7670E00D19FC4 /* AppDelegate.swift */ = {isa = PBXFileReference; lastKnownFileType = sourcecode.swift; path = AppDelegate.swift; sourceTree = "<group>"; };
		03E62B5820C7670E00D19FC4 /* ViewController.swift */ = {isa = PBXFileReference; lastKnownFileType = sourcecode.swift; path = ViewController.swift; sourceTree = "<group>"; };
		03E62B5B20C7670E00D19FC4 /* Base */ = {isa = PBXFileReference; lastKnownFileType = file.storyboard; name = Base; path = Base.lproj/Main.storyboard; sourceTree = "<group>"; };
		03E62B5D20C7670E00D19FC4 /* Assets.xcassets */ = {isa = PBXFileReference; lastKnownFileType = folder.assetcatalog; path = Assets.xcassets; sourceTree = "<group>"; };
		03E62B6020C7670E00D19FC4 /* Base */ = {isa = PBXFileReference; lastKnownFileType = file.storyboard; name = Base; path = Base.lproj/LaunchScreen.storyboard; sourceTree = "<group>"; };
		03E62B6220C7670E00D19FC4 /* Info.plist */ = {isa = PBXFileReference; lastKnownFileType = text.plist.xml; path = Info.plist; sourceTree = "<group>"; };
		03F201ED213EE957002B0B50 /* CollectionViewCell.swift */ = {isa = PBXFileReference; lastKnownFileType = sourcecode.swift; path = CollectionViewCell.swift; sourceTree = "<group>"; };
/* End PBXFileReference section */

/* Begin PBXFrameworksBuildPhase section */
		03E62B5020C7670E00D19FC4 /* Frameworks */ = {
			isa = PBXFrameworksBuildPhase;
			buildActionMask = 2147483647;
			files = (
			);
			runOnlyForDeploymentPostprocessing = 0;
		};
/* End PBXFrameworksBuildPhase section */

/* Begin PBXGroup section */
		037B6026214A06F900778D20 /* Custom Cells */ = {
			isa = PBXGroup;
			children = (
				03F201ED213EE957002B0B50 /* CollectionViewCell.swift */,
				031E9536214A1AA2000BCD7B /* CellTableView.swift */,
			);
			path = "Custom Cells";
			sourceTree = "<group>";
		};
		038FF7AE215161BD00FD62A4 /* Supporting Files */ = {
			isa = PBXGroup;
			children = (
				038FF7AC2151611300FD62A4 /* Meme.swift */,
			);
			path = "Supporting Files";
			sourceTree = "<group>";
		};
		03D75A9C213B703600A269C7 /* View Controllers */ = {
			isa = PBXGroup;
			children = (
				03E62B5820C7670E00D19FC4 /* ViewController.swift */,
				03D75A982138BBC000A269C7 /* CollectionViewController.swift */,
				03D75A9A2138BC3800A269C7 /* TableViewController.swift */,
				036E6097214AF69B00213F4F /* MemeMeDetailViewController.swift */,
			);
			path = "View Controllers";
			sourceTree = "<group>";
		};
		03D75A9D213B705600A269C7 /* StoryBoard */ = {
			isa = PBXGroup;
			children = (
				03E62B5A20C7670E00D19FC4 /* Main.storyboard */,
			);
			path = StoryBoard;
			sourceTree = "<group>";
		};
		03E62B4A20C7670E00D19FC4 = {
			isa = PBXGroup;
			children = (
				03E62B5520C7670E00D19FC4 /* MemeMe2.0 */,
				03E62B5420C7670E00D19FC4 /* Products */,
			);
			sourceTree = "<group>";
		};
		03E62B5420C7670E00D19FC4 /* Products */ = {
			isa = PBXGroup;
			children = (
				03E62B5320C7670E00D19FC4 /* MemeMe2.0.app */,
			);
			name = Products;
			sourceTree = "<group>";
		};
		03E62B5520C7670E00D19FC4 /* MemeMe2.0 */ = {
			isa = PBXGroup;
			children = (
				03E62B5620C7670E00D19FC4 /* AppDelegate.swift */,
				03D75A9D213B705600A269C7 /* StoryBoard */,
				037B6026214A06F900778D20 /* Custom Cells */,
				03D75A9C213B703600A269C7 /* View Controllers */,
				038FF7AE215161BD00FD62A4 /* Supporting Files */,
				03E62B5D20C7670E00D19FC4 /* Assets.xcassets */,
				03E62B5F20C7670E00D19FC4 /* LaunchScreen.storyboard */,
				03E62B6220C7670E00D19FC4 /* Info.plist */,
			);
			path = MemeMe2.0;
			sourceTree = "<group>";
		};
/* End PBXGroup section */

/* Begin PBXNativeTarget section */
		03E62B5220C7670E00D19FC4 /* MemeMe2.0 */ = {
			isa = PBXNativeTarget;
			buildConfigurationList = 03E62B6520C7670E00D19FC4 /* Build configuration list for PBXNativeTarget "MemeMe2.0" */;
			buildPhases = (
				03E62B4F20C7670E00D19FC4 /* Sources */,
				03E62B5020C7670E00D19FC4 /* Frameworks */,
				03E62B5120C7670E00D19FC4 /* Resources */,
			);
			buildRules = (
			);
			dependencies = (
			);
			name = MemeMe2.0;
			productName = imagePickerPractice;
			productReference = 03E62B5320C7670E00D19FC4 /* MemeMe2.0.app */;
			productType = "com.apple.product-type.application";
		};
/* End PBXNativeTarget section */

/* Begin PBXProject section */
		03E62B4B20C7670E00D19FC4 /* Project object */ = {
			isa = PBXProject;
			attributes = {
				LastSwiftUpdateCheck = 0920;
				LastUpgradeCheck = 0920;
				ORGANIZATIONNAME = "Christopher Tropiano";
				TargetAttributes = {
					03E62B5220C7670E00D19FC4 = {
						CreatedOnToolsVersion = 9.2;
						ProvisioningStyle = Automatic;
					};
				};
			};
			buildConfigurationList = 03E62B4E20C7670E00D19FC4 /* Build configuration list for PBXProject "MemeMe2.0" */;
			compatibilityVersion = "Xcode 8.0";
			developmentRegion = en;
			hasScannedForEncodings = 0;
			knownRegions = (
				en,
				Base,
			);
			mainGroup = 03E62B4A20C7670E00D19FC4;
			productRefGroup = 03E62B5420C7670E00D19FC4 /* Products */;
			projectDirPath = "";
			projectRoot = "";
			targets = (
				03E62B5220C7670E00D19FC4 /* MemeMe2.0 */,
			);
		};
/* End PBXProject section */

/* Begin PBXResourcesBuildPhase section */
		03E62B5120C7670E00D19FC4 /* Resources */ = {
			isa = PBXResourcesBuildPhase;
			buildActionMask = 2147483647;
			files = (
				038FF7B12151628500FD62A4 /* Info.plist in Resources */,
				03E62B6120C7670E00D19FC4 /* LaunchScreen.storyboard in Resources */,
				03E62B5E20C7670E00D19FC4 /* Assets.xcassets in Resources */,
				03E62B5C20C7670E00D19FC4 /* Main.storyboard in Resources */,
			);
			runOnlyForDeploymentPostprocessing = 0;
		};
/* End PBXResourcesBuildPhase section */

/* Begin PBXSourcesBuildPhase section */
		03E62B4F20C7670E00D19FC4 /* Sources */ = {
			isa = PBXSourcesBuildPhase;
			buildActionMask = 2147483647;
			files = (
				03F201EE213EE957002B0B50 /* CollectionViewCell.swift in Sources */,
				038FF7AD2151611300FD62A4 /* Meme.swift in Sources */,
				03D75A992138BBC000A269C7 /* CollectionViewController.swift in Sources */,
				03E62B5920C7670E00D19FC4 /* ViewController.swift in Sources */,
				031E9537214A1AA2000BCD7B /* CellTableView.swift in Sources */,
				03E62B5720C7670E00D19FC4 /* AppDelegate.swift in Sources */,
				036E6098214AF69B00213F4F /* MemeMeDetailViewController.swift in Sources */,
				03D75A9B2138BC3800A269C7 /* TableViewController.swift in Sources */,
			);
			runOnlyForDeploymentPostprocessing = 0;
		};
/* End PBXSourcesBuildPhase section */

/* Begin PBXVariantGroup section */
		03E62B5A20C7670E00D19FC4 /* Main.storyboard */ = {
			isa = PBXVariantGroup;
			children = (
				03E62B5B20C7670E00D19FC4 /* Base */,
			);
			name = Main.storyboard;
			sourceTree = "<group>";
		};
		03E62B5F20C7670E00D19FC4 /* LaunchScreen.storyboard */ = {
			isa = PBXVariantGroup;
			children = (
				03E62B6020C7670E00D19FC4 /* Base */,
			);
			name = LaunchScreen.storyboard;
			sourceTree = "<group>";
		};
/* End PBXVariantGroup section */

/* Begin XCBuildConfiguration section */
		03E62B6320C7670E00D19FC4 /* Debug */ = {
			isa = XCBuildConfiguration;
			buildSettings = {
				ALWAYS_SEARCH_USER_PATHS = NO;
				CLANG_ANALYZER_NONNULL = YES;
				CLANG_ANALYZER_NUMBER_OBJECT_CONVERSION = YES_AGGRESSIVE;
				CLANG_CXX_LANGUAGE_STANDARD = "gnu++14";
				CLANG_CXX_LIBRARY = "libc++";
				CLANG_ENABLE_MODULES = YES;
				CLANG_ENABLE_OBJC_ARC = YES;
				CLANG_WARN_BLOCK_CAPTURE_AUTORELEASING = YES;
				CLANG_WARN_BOOL_CONVERSION = YES;
				CLANG_WARN_COMMA = YES;
				CLANG_WARN_CONSTANT_CONVERSION = YES;
				CLANG_WARN_DIRECT_OBJC_ISA_USAGE = YES_ERROR;
				CLANG_WARN_DOCUMENTATION_COMMENTS = YES;
				CLANG_WARN_EMPTY_BODY = YES;
				CLANG_WARN_ENUM_CONVERSION = YES;
				CLANG_WARN_INFINITE_RECURSION = YES;
				CLANG_WARN_INT_CONVERSION = YES;
				CLANG_WARN_NON_LITERAL_NULL_CONVERSION = YES;
				CLANG_WARN_OBJC_LITERAL_CONVERSION = YES;
				CLANG_WARN_OBJC_ROOT_CLASS = YES_ERROR;
				CLANG_WARN_RANGE_LOOP_ANALYSIS = YES;
				CLANG_WARN_STRICT_PROTOTYPES = YES;
				CLANG_WARN_SUSPICIOUS_MOVE = YES;
				CLANG_WARN_UNGUARDED_AVAILABILITY = YES_AGGRESSIVE;
				CLANG_WARN_UNREACHABLE_CODE = YES;
				CLANG_WARN__DUPLICATE_METHOD_MATCH = YES;
				CODE_SIGN_IDENTITY = "iPhone Developer";
				COPY_PHASE_STRIP = NO;
				DEBUG_INFORMATION_FORMAT = dwarf;
				ENABLE_STRICT_OBJC_MSGSEND = YES;
				ENABLE_TESTABILITY = YES;
				GCC_C_LANGUAGE_STANDARD = gnu11;
				GCC_DYNAMIC_NO_PIC = NO;
				GCC_NO_COMMON_BLOCKS = YES;
				GCC_OPTIMIZATION_LEVEL = 0;
				GCC_PREPROCESSOR_DEFINITIONS = (
					"DEBUG=1",
					"$(inherited)",
				);
				GCC_WARN_64_TO_32_BIT_CONVERSION = YES;
				GCC_WARN_ABOUT_RETURN_TYPE = YES_ERROR;
				GCC_WARN_UNDECLARED_SELECTOR = YES;
				GCC_WARN_UNINITIALIZED_AUTOS = YES_AGGRESSIVE;
				GCC_WARN_UNUSED_FUNCTION = YES;
				GCC_WARN_UNUSED_VARIABLE = YES;
				IPHONEOS_DEPLOYMENT_TARGET = 11.2;
				MTL_ENABLE_DEBUG_INFO = YES;
				ONLY_ACTIVE_ARCH = YES;
				SDKROOT = iphoneos;
				SWIFT_ACTIVE_COMPILATION_CONDITIONS = DEBUG;
				SWIFT_OPTIMIZATION_LEVEL = "-Onone";
			};
			name = Debug;
		};
		03E62B6420C7670E00D19FC4 /* Release */ = {
			isa = XCBuildConfiguration;
			buildSettings = {
				ALWAYS_SEARCH_USER_PATHS = NO;
				CLANG_ANALYZER_NONNULL = YES;
				CLANG_ANALYZER_NUMBER_OBJECT_CONVERSION = YES_AGGRESSIVE;
				CLANG_CXX_LANGUAGE_STANDARD = "gnu++14";
				CLANG_CXX_LIBRARY = "libc++";
				CLANG_ENABLE_MODULES = YES;
				CLANG_ENABLE_OBJC_ARC = YES;
				CLANG_WARN_BLOCK_CAPTURE_AUTORELEASING = YES;
				CLANG_WARN_BOOL_CONVERSION = YES;
				CLANG_WARN_COMMA = YES;
				CLANG_WARN_CONSTANT_CONVERSION = YES;
				CLANG_WARN_DIRECT_OBJC_ISA_USAGE = YES_ERROR;
				CLANG_WARN_DOCUMENTATION_COMMENTS = YES;
				CLANG_WARN_EMPTY_BODY = YES;
				CLANG_WARN_ENUM_CONVERSION = YES;
				CLANG_WARN_INFINITE_RECURSION = YES;
				CLANG_WARN_INT_CONVERSION = YES;
				CLANG_WARN_NON_LITERAL_NULL_CONVERSION = YES;
				CLANG_WARN_OBJC_LITERAL_CONVERSION = YES;
				CLANG_WARN_OBJC_ROOT_CLASS = YES_ERROR;
				CLANG_WARN_RANGE_LOOP_ANALYSIS = YES;
				CLANG_WARN_STRICT_PROTOTYPES = YES;
				CLANG_WARN_SUSPICIOUS_MOVE = YES;
				CLANG_WARN_UNGUARDED_AVAILABILITY = YES_AGGRESSIVE;
				CLANG_WARN_UNREACHABLE_CODE = YES;
				CLANG_WARN__DUPLICATE_METHOD_MATCH = YES;
				CODE_SIGN_IDENTITY = "iPhone Developer";
				COPY_PHASE_STRIP = NO;
				DEBUG_INFORMATION_FORMAT = "dwarf-with-dsym";
				ENABLE_NS_ASSERTIONS = NO;
				ENABLE_STRICT_OBJC_MSGSEND = YES;
				GCC_C_LANGUAGE_STANDARD = gnu11;
				GCC_NO_COMMON_BLOCKS = YES;
				GCC_WARN_64_TO_32_BIT_CONVERSION = YES;
				GCC_WARN_ABOUT_RETURN_TYPE = YES_ERROR;
				GCC_WARN_UNDECLARED_SELECTOR = YES;
				GCC_WARN_UNINITIALIZED_AUTOS = YES_AGGRESSIVE;
				GCC_WARN_UNUSED_FUNCTION = YES;
				GCC_WARN_UNUSED_VARIABLE = YES;
				IPHONEOS_DEPLOYMENT_TARGET = 11.2;
				MTL_ENABLE_DEBUG_INFO = NO;
				SDKROOT = iphoneos;
				SWIFT_OPTIMIZATION_LEVEL = "-Owholemodule";
				VALIDATE_PRODUCT = YES;
			};
			name = Release;
		};
		03E62B6620C7670E00D19FC4 /* Debug */ = {
			isa = XCBuildConfiguration;
			buildSettings = {
				ASSETCATALOG_COMPILER_APPICON_NAME = AppIcon;
				CODE_SIGN_STYLE = Automatic;
				INFOPLIST_FILE = "$(SRCROOT)/MemeMe2.0/Info.plist";
				LD_RUNPATH_SEARCH_PATHS = "$(inherited) @executable_path/Frameworks";
				PRODUCT_BUNDLE_IDENTIFIER = christophertropiano.imagePickerPractice;
				PRODUCT_NAME = "$(TARGET_NAME)";
				SWIFT_VERSION = 4.0;
				TARGETED_DEVICE_FAMILY = "1,2";
			};
			name = Debug;
		};
		03E62B6720C7670E00D19FC4 /* Release */ = {
			isa = XCBuildConfiguration;
			buildSettings = {
				ASSETCATALOG_COMPILER_APPICON_NAME = AppIcon;
				CODE_SIGN_STYLE = Automatic;
				INFOPLIST_FILE = "$(SRCROOT)/MemeMe2.0/Info.plist";
				LD_RUNPATH_SEARCH_PATHS = "$(inherited) @executable_path/Frameworks";
				PRODUCT_BUNDLE_IDENTIFIER = christophertropiano.imagePickerPractice;
				PRODUCT_NAME = "$(TARGET_NAME)";
				SWIFT_VERSION = 4.0;
				TARGETED_DEVICE_FAMILY = "1,2";
			};
			name = Release;
		};
/* End XCBuildConfiguration section */

/* Begin XCConfigurationList section */
		03E62B4E20C7670E00D19FC4 /* Build configuration list for PBXProject "MemeMe2.0" */ = {
			isa = XCConfigurationList;
			buildConfigurations = (
				03E62B6320C7670E00D19FC4 /* Debug */,
				03E62B6420C7670E00D19FC4 /* Release */,
			);
			defaultConfigurationIsVisible = 0;
			defaultConfigurationName = Release;
		};
		03E62B6520C7670E00D19FC4 /* Build configuration list for PBXNativeTarget "MemeMe2.0" */ = {
			isa = XCConfigurationList;
			buildConfigurations = (
				03E62B6620C7670E00D19FC4 /* Debug */,
				03E62B6720C7670E00D19FC4 /* Release */,
			);
			defaultConfigurationIsVisible = 0;
			defaultConfigurationName = Release;
		};
/* End XCConfigurationList section */
	};
	rootObject = 03E62B4B20C7670E00D19FC4 /* Project object */;
}
